
Microsoft Visual Studio Solution File, Format Version 12.00
# Visual Studio 15
VisualStudioVersion = 15.0.28307.136
MinimumVisualStudioVersion = 10.0.40219.1
Project("{FAE04EC0-301F-11D3-BF4B-00C04F79EFBC}") = "Equipmenttest", "Equipmenttest\Equipmenttest.csproj", "{1426D72A-6DDF-4D7E-8AF9-94D4220A3530}"
EndProject
Global
	GlobalSection(SolutionConfigurationPlatforms) = preSolution
		Debug|Any CPU = Debug|Any CPU
		Release|Any CPU = Release|Any CPU
	EndGlobalSection
	GlobalSection(ProjectConfigurationPlatforms) = postSolution
		{1426D72A-6DDF-4D7E-8AF9-94D4220A3530}.Debug|Any CPU.ActiveCfg = Debug|Any CPU
		{1426D72A-6DDF-4D7E-8AF9-94D4220A3530}.Debug|Any CPU.Build.0 = Debug|Any CPU
		{1426D72A-6DDF-4D7E-8AF9-94D4220A3530}.Release|Any CPU.ActiveCfg = Release|Any CPU
		{1426D72A-6DDF-4D7E-8AF9-94D4220A3530}.Release|Any CPU.Build.0 = Release|Any CPU
	EndGlobalSection
	GlobalSection(SolutionProperties) = preSolution
		HideSolutionNode = FALSE
	EndGlobalSection
	GlobalSection(ExtensibilityGlobals) = postSolution
		SolutionGuid = {9DB73448-C723-4E2C-A29E-3CA176F93529}
	EndGlobalSection
EndGlobal
